<?xml version="1.0" encoding="utf-8"?>
<Project ToolsVersion="4.0" xmlns="http://schemas.microsoft.com/developer/msbuild/2003">
  <ItemGroup>
    <Filter Include="Form Files">
      <UniqueIdentifier>{99349809-55BA-4b9d-BF79-8FDBB0286EB3}</UniqueIdentifier>
      <Extensions>ui</Extensions>
      <ParseFiles>false</ParseFiles>
    </Filter>
    <Filter Include="Generated Files">
      <UniqueIdentifier>{71ED8ED8-ACB9-4CE9-BBE1-E00B30144E11}</UniqueIdentifier>
      <Extensions>cpp;c;cxx;moc;h;def;odl;idl;res;</Extensions>
    </Filter>
    <Filter Include="Header Files">
      <UniqueIdentifier>{93995380-89BD-4b04-88EB-625FBE52EBFB}</UniqueIdentifier>
      <Extensions>h;hpp;hxx;hm;inl;inc;xsd</Extensions>
    </Filter>
    <Filter Include="Resource Files">
      <UniqueIdentifier>{D9D6E242-F8AF-46E4-B9FD-80ECBC20BA3E}</UniqueIdentifier>
      <Extensions>qrc;*</Extensions>
      <ParseFiles>false</ParseFiles>
    </Filter>
    <Filter Include="Source Files">
      <UniqueIdentifier>{4FC737F1-C7A5-4376-A066-2A32D752A2FF}</UniqueIdentifier>
      <Extensions>cpp;c;cxx;def;odl;idl;hpj;bat;asm;asmx</Extensions>
    </Filter>
    <Filter Include="Distribution Files">
      <UniqueIdentifier>{B83CAF91-C7BF-462F-B76C-EA11631F866C}</UniqueIdentifier>
      <Extensions>*</Extensions>
      <ParseFiles>false</ParseFiles>
    </Filter>
    <Filter Include="Distribution Files">
      <UniqueIdentifier>{B83CAF91-C7BF-462F-B76C-EA11631F866C}</UniqueIdentifier>
      <Extensions>*</Extensions>
      <ParseFiles>false</ParseFiles>
    </Filter>
    <Filter Include="Form Dateien">
      <UniqueIdentifier>{99349809-55BA-4b9d-BF79-8FDBB0286EB3}</UniqueIdentifier>
      <Extensions>ui</Extensions>
      <ParseFiles>false</ParseFiles>
    </Filter>
    <Filter Include="Generierte Dateien">
      <UniqueIdentifier>{71ED8ED8-ACB9-4CE9-BBE1-E00B30144E11}</UniqueIdentifier>
      <Extensions>cpp;c;cxx;moc;h;def;odl;idl;res;</Extensions>
    </Filter>
    <Filter Include="Generierte Dateien\Debug">
      <UniqueIdentifier>{4bede840-d61f-41a6-ad20-e89b9b62de46}</UniqueIdentifier>
      <Extensions>cpp;moc</Extensions>
      <SourceControlFiles>False</SourceControlFiles>
    </Filter>
    <Filter Include="Generierte Dateien\Release">
      <UniqueIdentifier>{8202555b-1053-45bd-8cc4-e43ed1276843}</UniqueIdentifier>
      <Extensions>cpp;moc</Extensions>
      <SourceControlFiles>False</SourceControlFiles>
    </Filter>
    <Filter Include="Header Dateien">
      <UniqueIdentifier>{93995380-89BD-4b04-88EB-625FBE52EBFB}</UniqueIdentifier>
      <Extensions>h;hpp;hxx;hm;inl;inc;xsd</Extensions>
    </Filter>
    <Filter Include="Resource Dateien">
      <UniqueIdentifier>{D9D6E242-F8AF-46E4-B9FD-80ECBC20BA3E}</UniqueIdentifier>
      <Extensions>qrc;*</Extensions>
      <ParseFiles>false</ParseFiles>
    </Filter>
    <Filter Include="Source Dateien">
      <UniqueIdentifier>{4FC737F1-C7A5-4376-A066-2A32D752A2FF}</UniqueIdentifier>
      <Extensions>cpp;c;cxx;def;odl;idl;hpj;bat;asm;asmx</Extensions>
    </Filter>
    <Filter Include="Generated Files\Debug">
      <UniqueIdentifier>{32420981-1312-4d12-a191-d6b8129df3de}</UniqueIdentifier>
      <Extensions>cpp;moc</Extensions>
      <SourceControlFiles>False</SourceControlFiles>
    </Filter>
    <Filter Include="Generated Files\Release">
      <UniqueIdentifier>{8baf5582-2e90-41e2-99e1-402f570f72a9}</UniqueIdentifier>
      <Extensions>cpp;moc</Extensions>
      <SourceControlFiles>False</SourceControlFiles>
    </Filter>
  </ItemGroup>
  <ItemGroup>
    <ClCompile Include="camerasystem.cpp">
      <Filter>Source Dateien</Filter>
    </ClCompile>
    <ClCompile Include="lsystem.cpp">
      <Filter>Source Dateien</Filter>
    </ClCompile>
    <ClCompile Include="main.cpp">
      <Filter>Source Dateien</Filter>
    </ClCompile>
    <ClCompile Include="mainwindow.cpp">
      <Filter>Source Dateien</Filter>
    </ClCompile>
    <ClCompile Include="oglwidget.cpp">
      <Filter>Source Dateien</Filter>
    </ClCompile>
    <ClCompile Include="primitives.cpp">
      <Filter>Source Dateien</Filter>
    </ClCompile>
    <ClCompile Include="rules.cpp">
      <Filter>Source Dateien</Filter>
    </ClCompile>
    <ClCompile Include="slsystem.cpp">
      <Filter>Source Dateien</Filter>
    </ClCompile>
    <ClCompile Include="srules.cpp">
      <Filter>Source Dateien</Filter>
    </ClCompile>
    <ClCompile Include="turtlesystem.cpp">
      <Filter>Source Dateien</Filter>
    </ClCompile>
    <ClCompile Include="GeneratedFiles\Debug\moc_mainwindow.cpp">
      <Filter>Generierte Dateien\Debug</Filter>
    </ClCompile>
    <ClCompile Include="GeneratedFiles\Release\moc_mainwindow.cpp">
      <Filter>Generierte Dateien\Release</Filter>
    </ClCompile>
    <ClCompile Include="GeneratedFiles\qrc_images.cpp">
      <Filter>Generierte Dateien</Filter>
    </ClCompile>
    <ClCompile Include="GeneratedFiles\qrc_shaders.cpp">
      <Filter>Generierte Dateien</Filter>
    </ClCompile>
    <ClCompile Include="GeneratedFiles\Debug\moc_dlgProduction.cpp">
      <Filter>Generated Files\Debug</Filter>
    </ClCompile>
    <ClCompile Include="GeneratedFiles\Release\moc_dlgProduction.cpp">
      <Filter>Generated Files\Release</Filter>
    </ClCompile>
    <ClCompile Include="dlgProduction.cpp">
      <Filter>Source Dateien</Filter>
    </ClCompile>
    <ClCompile Include="tinyxml2.cpp">
      <Filter>Source Dateien</Filter>
    </ClCompile>
    <ClCompile Include="Logger.cpp">
      <Filter>Source Dateien</Filter>
    </ClCompile>
    <ClCompile Include="dlgHelp.cpp">
      <Filter>Source Dateien</Filter>
    </ClCompile>
    <ClCompile Include="GeneratedFiles\Debug\moc_dlgHelp.cpp">
      <Filter>Generated Files\Debug</Filter>
    </ClCompile>
    <ClCompile Include="GeneratedFiles\Release\moc_dlgHelp.cpp">
      <Filter>Generated Files\Release</Filter>
    </ClCompile>
    <ClCompile Include="interpolation.cpp">
      <Filter>Source Dateien</Filter>
    </ClCompile>
  </ItemGroup>
  <ItemGroup>
    <ClInclude Include="camerasystem.h">
      <Filter>Header Dateien</Filter>
    </ClInclude>
    <ClInclude Include="lsystem.h">
      <Filter>Header Dateien</Filter>
    </ClInclude>
    <CustomBuild Include="mainwindow.h">
      <Filter>Header Dateien</Filter>
    </CustomBuild>
    <ClInclude Include="oglwidget.h">
      <Filter>Header Dateien</Filter>
    </ClInclude>
    <ClInclude Include="primitives.h">
      <Filter>Header Dateien</Filter>
    </ClInclude>
    <ClInclude Include="rules.h">
      <Filter>Header Dateien</Filter>
    </ClInclude>
    <ClInclude Include="slsystem.h">
      <Filter>Header Dateien</Filter>
    </ClInclude>
    <ClInclude Include="srules.h">
      <Filter>Header Dateien</Filter>
    </ClInclude>
    <ClInclude Include="turtlesystem.h">
      <Filter>Header Dateien</Filter>
    </ClInclude>
    <ClInclude Include="GeneratedFiles\ui_mainwindow.h">
      <Filter>Generierte Dateien</Filter>
    </ClInclude>
    <ClInclude Include="GeneratedFiles\ui_addproduction.h">
      <Filter>Generated Files</Filter>
    </ClInclude>
    <ClInclude Include="tinyxml2.h">
      <Filter>Header Dateien</Filter>
    </ClInclude>
    <ClInclude Include="Logger.h">
      <Filter>Header Dateien</Filter>
    </ClInclude>
    <ClInclude Include="GeneratedFiles\ui_help.h">
      <Filter>Generated Files</Filter>
    </ClInclude>
    <ClInclude Include="interpolation.h">
      <Filter>Header Dateien</Filter>
    </ClInclude>
  </ItemGroup>
  <ItemGroup>
    <CustomBuild Include="mainwindow.ui">
      <Filter>Form Dateien</Filter>
    </CustomBuild>
    <CustomBuild Include="addproduction.ui">
      <Filter>Form Dateien</Filter>
    </CustomBuild>
    <CustomBuild Include="dlgProduction.h">
      <Filter>Header Dateien</Filter>
    </CustomBuild>
    <CustomBuild Include="help.ui">
      <Filter>Form Dateien</Filter>
    </CustomBuild>
    <CustomBuild Include="dlgHelp.h">
      <Filter>Header Dateien</Filter>
    </CustomBuild>
  </ItemGroup>
  <ItemGroup>
    <None Include="basic.fsh">
      <Filter>Resource Dateien</Filter>
    </None>
    <None Include="basic.vsh">
      <Filter>Resource Dateien</Filter>
    </None>
    <None Include="grass.jpg">
      <Filter>Resource Dateien</Filter>
    </None>
    <CustomBuild Include="images.qrc">
      <Filter>Resource Dateien</Filter>
    </CustomBuild>
    <CustomBuild Include="shaders.qrc">
      <Filter>Resource Dateien</Filter>
    </CustomBuild>
    <None Include="wall.jpg">
      <Filter>Resource Dateien</Filter>
    </None>
    <None Include="basic.fsh" />
    <None Include="basic.vsh" />
    <None Include="wall.jpg" />
    <None Include="basic.fsh" />
    <None Include="basic.vsh" />
    <None Include="wall.jpg" />
    <None Include="basic.fsh" />
    <None Include="basic.vsh" />
    <None Include="wall.jpg" />
    <None Include="basic.fsh" />
    <None Include="basic.vsh" />
    <None Include="wall.jpg" />
    <None Include="basic.fsh" />
    <None Include="basic.vsh" />
    <None Include="wall.jpg" />
    <None Include="basic.fsh" />
    <None Include="basic.vsh" />
    <None Include="wall.jpg" />
    <None Include="basic.fsh" />
    <None Include="basic.vsh" />
    <None Include="wall.jpg" />
    <None Include="basic.fsh" />
    <None Include="basic.vsh" />
    <None Include="wall.jpg" />
    <None Include="basic.fsh" />
    <None Include="basic.vsh" />
    <None Include="wall.jpg" />
    <None Include="basic.fsh" />
    <None Include="basic.vsh" />
    <None Include="wall.jpg" />
  </ItemGroup>
  <ItemGroup>
    <None Include="basic.fsh">
      <Filter>Distribution Files</Filter>
    </None>
    <None Include="basic.vsh">
      <Filter>Distribution Files</Filter>
    </None>
    <None Include="wall.jpg">
      <Filter>Distribution Files</Filter>
    </None>
  </ItemGroup>
</Project>